// !$*UTF8*$!
{
	archiveVersion = 1;
	classes = {
	};
	objectVersion = 51;
	objects = {

/* Begin PBXBuildFile section */
		04197FD6266B20FC00B76B4B /* StorageManager.swift in Sources */ = {isa = PBXBuildFile; fileRef = 04197FD5266B20FC00B76B4B /* StorageManager.swift */; };
		04549C15266F005A0052C359 /* ConversationTableViewCell.swift in Sources */ = {isa = PBXBuildFile; fileRef = 04549C14266F005A0052C359 /* ConversationTableViewCell.swift */; };
		04549C18266F03E20052C359 /* Conversation.swift in Sources */ = {isa = PBXBuildFile; fileRef = 04549C17266F03E20052C359 /* Conversation.swift */; };
		04549C1B266F0BBF0052C359 /* LatestMessage.swift in Sources */ = {isa = PBXBuildFile; fileRef = 04549C1A266F0BBF0052C359 /* LatestMessage.swift */; };
		04786F67267336EC00E698E8 /* NewConversationTableViewCell.swift in Sources */ = {isa = PBXBuildFile; fileRef = 04786F66267336EC00E698E8 /* NewConversationTableViewCell.swift */; };
		049159EE2665BE5C0097BECE /* AppDelegate.swift in Sources */ = {isa = PBXBuildFile; fileRef = 049159ED2665BE5C0097BECE /* AppDelegate.swift */; };
		049159F02665BE5C0097BECE /* SceneDelegate.swift in Sources */ = {isa = PBXBuildFile; fileRef = 049159EF2665BE5C0097BECE /* SceneDelegate.swift */; };
		049159F22665BE5C0097BECE /* ConversationsViewController.swift in Sources */ = {isa = PBXBuildFile; fileRef = 049159F12665BE5C0097BECE /* ConversationsViewController.swift */; };
		049159F52665BE5C0097BECE /* Main.storyboard in Resources */ = {isa = PBXBuildFile; fileRef = 049159F32665BE5C0097BECE /* Main.storyboard */; };
		049159F72665BE5D0097BECE /* Assets.xcassets in Resources */ = {isa = PBXBuildFile; fileRef = 049159F62665BE5D0097BECE /* Assets.xcassets */; };
		049159FA2665BE5D0097BECE /* LaunchScreen.storyboard in Resources */ = {isa = PBXBuildFile; fileRef = 049159F82665BE5D0097BECE /* LaunchScreen.storyboard */; };
		04915A252665D0A90097BECE /* LoginViewController.swift in Sources */ = {isa = PBXBuildFile; fileRef = 04915A242665D0A90097BECE /* LoginViewController.swift */; };
		04915A292665D0BE0097BECE /* RegisterViewController.swift in Sources */ = {isa = PBXBuildFile; fileRef = 04915A282665D0BE0097BECE /* RegisterViewController.swift */; };
		04915A2C2665D0DE0097BECE /* PhotoViewerViewController.swift in Sources */ = {isa = PBXBuildFile; fileRef = 04915A2B2665D0DE0097BECE /* PhotoViewerViewController.swift */; };
		04915A2F2665D0F40097BECE /* VideoPlayerViewController.swift in Sources */ = {isa = PBXBuildFile; fileRef = 04915A2E2665D0F40097BECE /* VideoPlayerViewController.swift */; };
		04915A322665D1220097BECE /* NewConversationViewController.swift in Sources */ = {isa = PBXBuildFile; fileRef = 04915A312665D1220097BECE /* NewConversationViewController.swift */; };
		04915A352665D1370097BECE /* ProfileViewController.swift in Sources */ = {isa = PBXBuildFile; fileRef = 04915A342665D1370097BECE /* ProfileViewController.swift */; };
		04A28DB72665D80C000E99C8 /* Extensions.swift in Sources */ = {isa = PBXBuildFile; fileRef = 04A28DB62665D80C000E99C8 /* Extensions.swift */; };
		04C70EC02667580D00177E95 /* DatabaseManager.swift in Sources */ = {isa = PBXBuildFile; fileRef = 04C70EBF2667580D00177E95 /* DatabaseManager.swift */; };
		04C70ED326675D0F00177E95 /* GoogleService-Info.plist in Resources */ = {isa = PBXBuildFile; fileRef = 04C70ED226675D0F00177E95 /* GoogleService-Info.plist */; };
		04E3CC24266A071A00B2B359 /* ChatViewController.swift in Sources */ = {isa = PBXBuildFile; fileRef = 04E3CC23266A071A00B2B359 /* ChatViewController.swift */; };
		8DE5A57E488FF3A65B9F8BDD /* Pods_Messenger.framework in Frameworks */ = {isa = PBXBuildFile; fileRef = E2386DE9BE9608385100BAA4 /* Pods_Messenger.framework */; };
/* End PBXBuildFile section */

/* Begin PBXFileReference section */
		04197FD5266B20FC00B76B4B /* StorageManager.swift */ = {isa = PBXFileReference; lastKnownFileType = sourcecode.swift; path = StorageManager.swift; sourceTree = "<group>"; };
		04549C14266F005A0052C359 /* ConversationTableViewCell.swift */ = {isa = PBXFileReference; lastKnownFileType = sourcecode.swift; path = ConversationTableViewCell.swift; sourceTree = "<group>"; };
		04549C17266F03E20052C359 /* Conversation.swift */ = {isa = PBXFileReference; lastKnownFileType = sourcecode.swift; path = Conversation.swift; sourceTree = "<group>"; };
		04549C1A266F0BBF0052C359 /* LatestMessage.swift */ = {isa = PBXFileReference; lastKnownFileType = sourcecode.swift; path = LatestMessage.swift; sourceTree = "<group>"; };
		04786F66267336EC00E698E8 /* NewConversationTableViewCell.swift */ = {isa = PBXFileReference; lastKnownFileType = sourcecode.swift; path = NewConversationTableViewCell.swift; sourceTree = "<group>"; };
		049159EA2665BE5C0097BECE /* Messenger.app */ = {isa = PBXFileReference; explicitFileType = wrapper.application; includeInIndex = 0; path = Messenger.app; sourceTree = BUILT_PRODUCTS_DIR; };
		049159ED2665BE5C0097BECE /* AppDelegate.swift */ = {isa = PBXFileReference; lastKnownFileType = sourcecode.swift; path = AppDelegate.swift; sourceTree = "<group>"; };
		049159EF2665BE5C0097BECE /* SceneDelegate.swift */ = {isa = PBXFileReference; lastKnownFileType = sourcecode.swift; path = SceneDelegate.swift; sourceTree = "<group>"; };
		049159F12665BE5C0097BECE /* ConversationsViewController.swift */ = {isa = PBXFileReference; lastKnownFileType = sourcecode.swift; path = ConversationsViewController.swift; sourceTree = "<group>"; };
		049159F42665BE5C0097BECE /* Base */ = {isa = PBXFileReference; lastKnownFileType = file.storyboard; name = Base; path = Base.lproj/Main.storyboard; sourceTree = "<group>"; };
		049159F62665BE5D0097BECE /* Assets.xcassets */ = {isa = PBXFileReference; lastKnownFileType = folder.assetcatalog; path = Assets.xcassets; sourceTree = "<group>"; };
		049159F92665BE5D0097BECE /* Base */ = {isa = PBXFileReference; lastKnownFileType = file.storyboard; name = Base; path = Base.lproj/LaunchScreen.storyboard; sourceTree = "<group>"; };
		049159FB2665BE5D0097BECE /* Info.plist */ = {isa = PBXFileReference; lastKnownFileType = text.plist.xml; path = Info.plist; sourceTree = "<group>"; };
		04915A242665D0A90097BECE /* LoginViewController.swift */ = {isa = PBXFileReference; lastKnownFileType = sourcecode.swift; path = LoginViewController.swift; sourceTree = "<group>"; };
		04915A282665D0BE0097BECE /* RegisterViewController.swift */ = {isa = PBXFileReference; lastKnownFileType = sourcecode.swift; path = RegisterViewController.swift; sourceTree = "<group>"; };
		04915A2B2665D0DE0097BECE /* PhotoViewerViewController.swift */ = {isa = PBXFileReference; lastKnownFileType = sourcecode.swift; path = PhotoViewerViewController.swift; sourceTree = "<group>"; };
		04915A2E2665D0F40097BECE /* VideoPlayerViewController.swift */ = {isa = PBXFileReference; lastKnownFileType = sourcecode.swift; path = VideoPlayerViewController.swift; sourceTree = "<group>"; };
		04915A312665D1220097BECE /* NewConversationViewController.swift */ = {isa = PBXFileReference; lastKnownFileType = sourcecode.swift; path = NewConversationViewController.swift; sourceTree = "<group>"; };
		04915A342665D1370097BECE /* ProfileViewController.swift */ = {isa = PBXFileReference; lastKnownFileType = sourcecode.swift; path = ProfileViewController.swift; sourceTree = "<group>"; };
		04A28DB62665D80C000E99C8 /* Extensions.swift */ = {isa = PBXFileReference; lastKnownFileType = sourcecode.swift; path = Extensions.swift; sourceTree = "<group>"; };
		04C70EBF2667580D00177E95 /* DatabaseManager.swift */ = {isa = PBXFileReference; lastKnownFileType = sourcecode.swift; path = DatabaseManager.swift; sourceTree = "<group>"; };
		04C70ED226675D0F00177E95 /* GoogleService-Info.plist */ = {isa = PBXFileReference; fileEncoding = 4; lastKnownFileType = text.plist.xml; path = "GoogleService-Info.plist"; sourceTree = "<group>"; };
		04E3CC23266A071A00B2B359 /* ChatViewController.swift */ = {isa = PBXFileReference; lastKnownFileType = sourcecode.swift; path = ChatViewController.swift; sourceTree = "<group>"; };
		5991DBDCC5F55B68BD297D78 /* Pods-Messenger.debug.xcconfig */ = {isa = PBXFileReference; includeInIndex = 1; lastKnownFileType = text.xcconfig; name = "Pods-Messenger.debug.xcconfig"; path = "Target Support Files/Pods-Messenger/Pods-Messenger.debug.xcconfig"; sourceTree = "<group>"; };
		7F430F1D4670FF8AF0DC7352 /* Pods-Messenger.release.xcconfig */ = {isa = PBXFileReference; includeInIndex = 1; lastKnownFileType = text.xcconfig; name = "Pods-Messenger.release.xcconfig"; path = "Target Support Files/Pods-Messenger/Pods-Messenger.release.xcconfig"; sourceTree = "<group>"; };
		E2386DE9BE9608385100BAA4 /* Pods_Messenger.framework */ = {isa = PBXFileReference; explicitFileType = wrapper.framework; includeInIndex = 0; path = Pods_Messenger.framework; sourceTree = BUILT_PRODUCTS_DIR; };
/* End PBXFileReference section */

/* Begin PBXFrameworksBuildPhase section */
		049159E72665BE5C0097BECE /* Frameworks */ = {
			isa = PBXFrameworksBuildPhase;
			buildActionMask = 2147483647;
			files = (
				8DE5A57E488FF3A65B9F8BDD /* Pods_Messenger.framework in Frameworks */,
			);
			runOnlyForDeploymentPostprocessing = 0;
		};
/* End PBXFrameworksBuildPhase section */

/* Begin PBXGroup section */
		043384B1267366E9005994A5 /* ViewModels */ = {
			isa = PBXGroup;
			children = (
			);
			path = ViewModels;
			sourceTree = "<group>";
		};
		049159E12665BE5B0097BECE = {
			isa = PBXGroup;
			children = (
				049159EC2665BE5C0097BECE /* Messenger */,
				049159EB2665BE5C0097BECE /* Products */,
				DDAA2A2E466A287CE8379735 /* Pods */,
				84004914647C7212E8ED3770 /* Frameworks */,
			);
			sourceTree = "<group>";
		};
		049159EB2665BE5C0097BECE /* Products */ = {
			isa = PBXGroup;
			children = (
				049159EA2665BE5C0097BECE /* Messenger.app */,
			);
			name = Products;
			sourceTree = "<group>";
		};
		049159EC2665BE5C0097BECE /* Messenger */ = {
			isa = PBXGroup;
			children = (
				04C70ED226675D0F00177E95 /* GoogleService-Info.plist */,
				049159FB2665BE5D0097BECE /* Info.plist */,
				04915A072665C0140097BECE /* Resources */,
				04915A062665BFE70097BECE /* Model */,
				04915A042665BFD80097BECE /* Views */,
				043384B1267366E9005994A5 /* ViewModels */,
				04915A032665BFC20097BECE /* Controllers */,
			);
			path = Messenger;
			sourceTree = "<group>";
		};
		04915A032665BFC20097BECE /* Controllers */ = {
			isa = PBXGroup;
			children = (
				049159F12665BE5C0097BECE /* ConversationsViewController.swift */,
				04915A372665D2660097BECE /* Login_Register */,
				04915A2B2665D0DE0097BECE /* PhotoViewerViewController.swift */,
				04915A2E2665D0F40097BECE /* VideoPlayerViewController.swift */,
				04915A312665D1220097BECE /* NewConversationViewController.swift */,
				04915A342665D1370097BECE /* ProfileViewController.swift */,
				04E3CC23266A071A00B2B359 /* ChatViewController.swift */,
			);
			path = Controllers;
			sourceTree = "<group>";
		};
		04915A042665BFD80097BECE /* Views */ = {
			isa = PBXGroup;
			children = (
				04915A0A2665C06A0097BECE /* Storyboards */,
				049159F62665BE5D0097BECE /* Assets.xcassets */,
				04549C14266F005A0052C359 /* ConversationTableViewCell.swift */,
				04786F66267336EC00E698E8 /* NewConversationTableViewCell.swift */,
			);
			path = Views;
			sourceTree = "<group>";
		};
		04915A062665BFE70097BECE /* Model */ = {
			isa = PBXGroup;
			children = (
				04549C17266F03E20052C359 /* Conversation.swift */,
				04549C1A266F0BBF0052C359 /* LatestMessage.swift */,
			);
			path = Model;
			sourceTree = "<group>";
		};
		04915A072665C0140097BECE /* Resources */ = {
			isa = PBXGroup;
			children = (
				049159ED2665BE5C0097BECE /* AppDelegate.swift */,
				049159EF2665BE5C0097BECE /* SceneDelegate.swift */,
				04A28DB62665D80C000E99C8 /* Extensions.swift */,
				04C70EBF2667580D00177E95 /* DatabaseManager.swift */,
				04197FD5266B20FC00B76B4B /* StorageManager.swift */,
			);
			path = Resources;
			sourceTree = "<group>";
		};
		04915A0A2665C06A0097BECE /* Storyboards */ = {
			isa = PBXGroup;
			children = (
				049159F32665BE5C0097BECE /* Main.storyboard */,
				049159F82665BE5D0097BECE /* LaunchScreen.storyboard */,
			);
			path = Storyboards;
			sourceTree = "<group>";
		};
		04915A372665D2660097BECE /* Login_Register */ = {
			isa = PBXGroup;
			children = (
				04915A242665D0A90097BECE /* LoginViewController.swift */,
				04915A282665D0BE0097BECE /* RegisterViewController.swift */,
			);
			path = Login_Register;
			sourceTree = "<group>";
		};
		84004914647C7212E8ED3770 /* Frameworks */ = {
			isa = PBXGroup;
			children = (
				E2386DE9BE9608385100BAA4 /* Pods_Messenger.framework */,
			);
			name = Frameworks;
			sourceTree = "<group>";
		};
		DDAA2A2E466A287CE8379735 /* Pods */ = {
			isa = PBXGroup;
			children = (
				5991DBDCC5F55B68BD297D78 /* Pods-Messenger.debug.xcconfig */,
				7F430F1D4670FF8AF0DC7352 /* Pods-Messenger.release.xcconfig */,
			);
			path = Pods;
			sourceTree = "<group>";
		};
/* End PBXGroup section */

/* Begin PBXNativeTarget section */
		049159E92665BE5C0097BECE /* Messenger */ = {
			isa = PBXNativeTarget;
			buildConfigurationList = 049159FE2665BE5D0097BECE /* Build configuration list for PBXNativeTarget "Messenger" */;
			buildPhases = (
				0C22CB843BB8D29D47975B98 /* [CP] Check Pods Manifest.lock */,
				049159E62665BE5C0097BECE /* Sources */,
				049159E72665BE5C0097BECE /* Frameworks */,
				049159E82665BE5C0097BECE /* Resources */,
				19953F3ECDE50C057F7C7972 /* [CP] Embed Pods Frameworks */,
				5F638A01B0E078C083C0D2B8 /* [CP] Copy Pods Resources */,
			);
			buildRules = (
			);
			dependencies = (
			);
			name = Messenger;
			productName = Messenger;
			productReference = 049159EA2665BE5C0097BECE /* Messenger.app */;
			productType = "com.apple.product-type.application";
		};
/* End PBXNativeTarget section */

/* Begin PBXProject section */
		049159E22665BE5B0097BECE /* Project object */ = {
			isa = PBXProject;
			attributes = {
				LastSwiftUpdateCheck = 1240;
				LastUpgradeCheck = 1240;
				TargetAttributes = {
					049159E92665BE5C0097BECE = {
						CreatedOnToolsVersion = 12.4;
					};
				};
			};
			buildConfigurationList = 049159E52665BE5B0097BECE /* Build configuration list for PBXProject "Messenger" */;
			compatibilityVersion = "Xcode 9.3";
			developmentRegion = en;
			hasScannedForEncodings = 0;
			knownRegions = (
				en,
				Base,
			);
			mainGroup = 049159E12665BE5B0097BECE;
			productRefGroup = 049159EB2665BE5C0097BECE /* Products */;
			projectDirPath = "";
			projectRoot = "";
			targets = (
				049159E92665BE5C0097BECE /* Messenger */,
			);
		};
/* End PBXProject section */

/* Begin PBXResourcesBuildPhase section */
		049159E82665BE5C0097BECE /* Resources */ = {
			isa = PBXResourcesBuildPhase;
			buildActionMask = 2147483647;
			files = (
				049159FA2665BE5D0097BECE /* LaunchScreen.storyboard in Resources */,
				04C70ED326675D0F00177E95 /* GoogleService-Info.plist in Resources */,
				049159F72665BE5D0097BECE /* Assets.xcassets in Resources */,
				049159F52665BE5C0097BECE /* Main.storyboard in Resources */,
			);
			runOnlyForDeploymentPostprocessing = 0;
		};
/* End PBXResourcesBuildPhase section */

/* Begin PBXShellScriptBuildPhase section */
		0C22CB843BB8D29D47975B98 /* [CP] Check Pods Manifest.lock */ = {
			isa = PBXShellScriptBuildPhase;
			buildActionMask = 2147483647;
			files = (
			);
			inputFileListPaths = (
			);
			inputPaths = (
				"${PODS_PODFILE_DIR_PATH}/Podfile.lock",
				"${PODS_ROOT}/Manifest.lock",
			);
			name = "[CP] Check Pods Manifest.lock";
			outputFileListPaths = (
			);
			outputPaths = (
				"$(DERIVED_FILE_DIR)/Pods-Messenger-checkManifestLockResult.txt",
			);
			runOnlyForDeploymentPostprocessing = 0;
			shellPath = /bin/sh;
			shellScript = "diff \"${PODS_PODFILE_DIR_PATH}/Podfile.lock\" \"${PODS_ROOT}/Manifest.lock\" > /dev/null\nif [ $? != 0 ] ; then\n    # print error to STDERR\n    echo \"error: The sandbox is not in sync with the Podfile.lock. Run 'pod install' or update your CocoaPods installation.\" >&2\n    exit 1\nfi\n# This output is used by Xcode 'outputs' to avoid re-running this script phase.\necho \"SUCCESS\" > \"${SCRIPT_OUTPUT_FILE_0}\"\n";
			showEnvVarsInLog = 0;
		};
		19953F3ECDE50C057F7C7972 /* [CP] Embed Pods Frameworks */ = {
			isa = PBXShellScriptBuildPhase;
			buildActionMask = 2147483647;
			files = (
			);
			inputFileListPaths = (
				"${PODS_ROOT}/Target Support Files/Pods-Messenger/Pods-Messenger-frameworks-${CONFIGURATION}-input-files.xcfilelist",
			);
			name = "[CP] Embed Pods Frameworks";
			outputFileListPaths = (
				"${PODS_ROOT}/Target Support Files/Pods-Messenger/Pods-Messenger-frameworks-${CONFIGURATION}-output-files.xcfilelist",
			);
			runOnlyForDeploymentPostprocessing = 0;
			shellPath = /bin/sh;
			shellScript = "\"${PODS_ROOT}/Target Support Files/Pods-Messenger/Pods-Messenger-frameworks.sh\"\n";
			showEnvVarsInLog = 0;
		};
		5F638A01B0E078C083C0D2B8 /* [CP] Copy Pods Resources */ = {
			isa = PBXShellScriptBuildPhase;
			buildActionMask = 2147483647;
			files = (
			);
			inputFileListPaths = (
				"${PODS_ROOT}/Target Support Files/Pods-Messenger/Pods-Messenger-resources-${CONFIGURATION}-input-files.xcfilelist",
			);
			name = "[CP] Copy Pods Resources";
			outputFileListPaths = (
				"${PODS_ROOT}/Target Support Files/Pods-Messenger/Pods-Messenger-resources-${CONFIGURATION}-output-files.xcfilelist",
			);
			runOnlyForDeploymentPostprocessing = 0;
			shellPath = /bin/sh;
			shellScript = "\"${PODS_ROOT}/Target Support Files/Pods-Messenger/Pods-Messenger-resources.sh\"\n";
			showEnvVarsInLog = 0;
		};
/* End PBXShellScriptBuildPhase section */

/* Begin PBXSourcesBuildPhase section */
		049159E62665BE5C0097BECE /* Sources */ = {
			isa = PBXSourcesBuildPhase;
			buildActionMask = 2147483647;
			files = (
				04549C1B266F0BBF0052C359 /* LatestMessage.swift in Sources */,
				04915A252665D0A90097BECE /* LoginViewController.swift in Sources */,
				04C70EC02667580D00177E95 /* DatabaseManager.swift in Sources */,
				04915A292665D0BE0097BECE /* RegisterViewController.swift in Sources */,
				04549C18266F03E20052C359 /* Conversation.swift in Sources */,
				04915A322665D1220097BECE /* NewConversationViewController.swift in Sources */,
				049159F22665BE5C0097BECE /* ConversationsViewController.swift in Sources */,
				04915A2F2665D0F40097BECE /* VideoPlayerViewController.swift in Sources */,
				04A28DB72665D80C000E99C8 /* Extensions.swift in Sources */,
				049159EE2665BE5C0097BECE /* AppDelegate.swift in Sources */,
				04915A352665D1370097BECE /* ProfileViewController.swift in Sources */,
				049159F02665BE5C0097BECE /* SceneDelegate.swift in Sources */,
				04549C15266F005A0052C359 /* ConversationTableViewCell.swift in Sources */,
				04E3CC24266A071A00B2B359 /* ChatViewController.swift in Sources */,
				04915A2C2665D0DE0097BECE /* PhotoViewerViewController.swift in Sources */,
				04197FD6266B20FC00B76B4B /* StorageManager.swift in Sources */,
				04786F67267336EC00E698E8 /* NewConversationTableViewCell.swift in Sources */,
			);
			runOnlyForDeploymentPostprocessing = 0;
		};
/* End PBXSourcesBuildPhase section */

/* Begin PBXVariantGroup section */
		049159F32665BE5C0097BECE /* Main.storyboard */ = {
			isa = PBXVariantGroup;
			children = (
				049159F42665BE5C0097BECE /* Base */,
			);
			name = Main.storyboard;
			sourceTree = "<group>";
		};
		049159F82665BE5D0097BECE /* LaunchScreen.storyboard */ = {
			isa = PBXVariantGroup;
			children = (
				049159F92665BE5D0097BECE /* Base */,
			);
			name = LaunchScreen.storyboard;
			sourceTree = "<group>";
		};
/* End PBXVariantGroup section */

/* Begin XCBuildConfiguration section */
		049159FC2665BE5D0097BECE /* Debug */ = {
			isa = XCBuildConfiguration;
			buildSettings = {
				ALWAYS_SEARCH_USER_PATHS = NO;
				CLANG_ANALYZER_NONNULL = YES;
				CLANG_ANALYZER_NUMBER_OBJECT_CONVERSION = YES_AGGRESSIVE;
				CLANG_CXX_LANGUAGE_STANDARD = "gnu++14";
				CLANG_CXX_LIBRARY = "libc++";
				CLANG_ENABLE_MODULES = YES;
				CLANG_ENABLE_OBJC_ARC = YES;
				CLANG_ENABLE_OBJC_WEAK = YES;
				CLANG_WARN_BLOCK_CAPTURE_AUTORELEASING = YES;
				CLANG_WARN_BOOL_CONVERSION = YES;
				CLANG_WARN_COMMA = YES;
				CLANG_WARN_CONSTANT_CONVERSION = YES;
				CLANG_WARN_DEPRECATED_OBJC_IMPLEMENTATIONS = YES;
				CLANG_WARN_DIRECT_OBJC_ISA_USAGE = YES_ERROR;
				CLANG_WARN_DOCUMENTATION_COMMENTS = YES;
				CLANG_WARN_EMPTY_BODY = YES;
				CLANG_WARN_ENUM_CONVERSION = YES;
				CLANG_WARN_INFINITE_RECURSION = YES;
				CLANG_WARN_INT_CONVERSION = YES;
				CLANG_WARN_NON_LITERAL_NULL_CONVERSION = YES;
				CLANG_WARN_OBJC_IMPLICIT_RETAIN_SELF = YES;
				CLANG_WARN_OBJC_LITERAL_CONVERSION = YES;
				CLANG_WARN_OBJC_ROOT_CLASS = YES_ERROR;
				CLANG_WARN_QUOTED_INCLUDE_IN_FRAMEWORK_HEADER = YES;
				CLANG_WARN_RANGE_LOOP_ANALYSIS = YES;
				CLANG_WARN_STRICT_PROTOTYPES = YES;
				CLANG_WARN_SUSPICIOUS_MOVE = YES;
				CLANG_WARN_UNGUARDED_AVAILABILITY = YES_AGGRESSIVE;
				CLANG_WARN_UNREACHABLE_CODE = YES;
				CLANG_WARN__DUPLICATE_METHOD_MATCH = YES;
				COPY_PHASE_STRIP = NO;
				DEBUG_INFORMATION_FORMAT = dwarf;
				ENABLE_STRICT_OBJC_MSGSEND = YES;
				ENABLE_TESTABILITY = YES;
				GCC_C_LANGUAGE_STANDARD = gnu11;
				GCC_DYNAMIC_NO_PIC = NO;
				GCC_NO_COMMON_BLOCKS = YES;
				GCC_OPTIMIZATION_LEVEL = 0;
				GCC_PREPROCESSOR_DEFINITIONS = (
					"DEBUG=1",
					"$(inherited)",
				);
				GCC_WARN_64_TO_32_BIT_CONVERSION = YES;
				GCC_WARN_ABOUT_RETURN_TYPE = YES_ERROR;
				GCC_WARN_UNDECLARED_SELECTOR = YES;
				GCC_WARN_UNINITIALIZED_AUTOS = YES_AGGRESSIVE;
				GCC_WARN_UNUSED_FUNCTION = YES;
				GCC_WARN_UNUSED_VARIABLE = YES;
				IPHONEOS_DEPLOYMENT_TARGET = 13.6;
				MTL_ENABLE_DEBUG_INFO = INCLUDE_SOURCE;
				MTL_FAST_MATH = YES;
				ONLY_ACTIVE_ARCH = YES;
				SDKROOT = iphoneos;
				SWIFT_ACTIVE_COMPILATION_CONDITIONS = DEBUG;
				SWIFT_OPTIMIZATION_LEVEL = "-Onone";
			};
			name = Debug;
		};
		049159FD2665BE5D0097BECE /* Release */ = {
			isa = XCBuildConfiguration;
			buildSettings = {
				ALWAYS_SEARCH_USER_PATHS = NO;
				CLANG_ANALYZER_NONNULL = YES;
				CLANG_ANALYZER_NUMBER_OBJECT_CONVERSION = YES_AGGRESSIVE;
				CLANG_CXX_LANGUAGE_STANDARD = "gnu++14";
				CLANG_CXX_LIBRARY = "libc++";
				CLANG_ENABLE_MODULES = YES;
				CLANG_ENABLE_OBJC_ARC = YES;
				CLANG_ENABLE_OBJC_WEAK = YES;
				CLANG_WARN_BLOCK_CAPTURE_AUTORELEASING = YES;
				CLANG_WARN_BOOL_CONVERSION = YES;
				CLANG_WARN_COMMA = YES;
				CLANG_WARN_CONSTANT_CONVERSION = YES;
				CLANG_WARN_DEPRECATED_OBJC_IMPLEMENTATIONS = YES;
				CLANG_WARN_DIRECT_OBJC_ISA_USAGE = YES_ERROR;
				CLANG_WARN_DOCUMENTATION_COMMENTS = YES;
				CLANG_WARN_EMPTY_BODY = YES;
				CLANG_WARN_ENUM_CONVERSION = YES;
				CLANG_WARN_INFINITE_RECURSION = YES;
				CLANG_WARN_INT_CONVERSION = YES;
				CLANG_WARN_NON_LITERAL_NULL_CONVERSION = YES;
				CLANG_WARN_OBJC_IMPLICIT_RETAIN_SELF = YES;
				CLANG_WARN_OBJC_LITERAL_CONVERSION = YES;
				CLANG_WARN_OBJC_ROOT_CLASS = YES_ERROR;
				CLANG_WARN_QUOTED_INCLUDE_IN_FRAMEWORK_HEADER = YES;
				CLANG_WARN_RANGE_LOOP_ANALYSIS = YES;
				CLANG_WARN_STRICT_PROTOTYPES = YES;
				CLANG_WARN_SUSPICIOUS_MOVE = YES;
				CLANG_WARN_UNGUARDED_AVAILABILITY = YES_AGGRESSIVE;
				CLANG_WARN_UNREACHABLE_CODE = YES;
				CLANG_WARN__DUPLICATE_METHOD_MATCH = YES;
				COPY_PHASE_STRIP = NO;
				DEBUG_INFORMATION_FORMAT = "dwarf-with-dsym";
				ENABLE_NS_ASSERTIONS = NO;
				ENABLE_STRICT_OBJC_MSGSEND = YES;
				GCC_C_LANGUAGE_STANDARD = gnu11;
				GCC_NO_COMMON_BLOCKS = YES;
				GCC_WARN_64_TO_32_BIT_CONVERSION = YES;
				GCC_WARN_ABOUT_RETURN_TYPE = YES_ERROR;
				GCC_WARN_UNDECLARED_SELECTOR = YES;
				GCC_WARN_UNINITIALIZED_AUTOS = YES_AGGRESSIVE;
				GCC_WARN_UNUSED_FUNCTION = YES;
				GCC_WARN_UNUSED_VARIABLE = YES;
				IPHONEOS_DEPLOYMENT_TARGET = 13.6;
				MTL_ENABLE_DEBUG_INFO = NO;
				MTL_FAST_MATH = YES;
				SDKROOT = iphoneos;
				SWIFT_COMPILATION_MODE = wholemodule;
				SWIFT_OPTIMIZATION_LEVEL = "-O";
				VALIDATE_PRODUCT = YES;
			};
			name = Release;
		};
		049159FF2665BE5D0097BECE /* Debug */ = {
			isa = XCBuildConfiguration;
			baseConfigurationReference = 5991DBDCC5F55B68BD297D78 /* Pods-Messenger.debug.xcconfig */;
			buildSettings = {
				ASSETCATALOG_COMPILER_APPICON_NAME = AppIcon;
				ASSETCATALOG_COMPILER_GLOBAL_ACCENT_COLOR_NAME = AccentColor;
				CODE_SIGN_STYLE = Automatic;
				DEVELOPMENT_TEAM = 7ZBHT89JPN;
				INFOPLIST_FILE = Messenger/Info.plist;
				IPHONEOS_DEPLOYMENT_TARGET = 13.6;
				LD_RUNPATH_SEARCH_PATHS = (
					"$(inherited)",
					"@executable_path/Frameworks",
				);
				PRODUCT_BUNDLE_IDENTIFIER = com.jervygu.Messenger;
				PRODUCT_NAME = "$(TARGET_NAME)";
				SWIFT_VERSION = 5.0;
				TARGETED_DEVICE_FAMILY = "1,2";
			};
			name = Debug;
		};
		04915A002665BE5D0097BECE /* Release */ = {
			isa = XCBuildConfiguration;
			baseConfigurationReference = 7F430F1D4670FF8AF0DC7352 /* Pods-Messenger.release.xcconfig */;
			buildSettings = {
				ASSETCATALOG_COMPILER_APPICON_NAME = AppIcon;
				ASSETCATALOG_COMPILER_GLOBAL_ACCENT_COLOR_NAME = AccentColor;
				CODE_SIGN_STYLE = Automatic;
				DEVELOPMENT_TEAM = 7ZBHT89JPN;
				INFOPLIST_FILE = Messenger/Info.plist;
				IPHONEOS_DEPLOYMENT_TARGET = 13.6;
				LD_RUNPATH_SEARCH_PATHS = (
					"$(inherited)",
					"@executable_path/Frameworks",
				);
				PRODUCT_BUNDLE_IDENTIFIER = com.jervygu.Messenger;
				PRODUCT_NAME = "$(TARGET_NAME)";
				SWIFT_VERSION = 5.0;
				TARGETED_DEVICE_FAMILY = "1,2";
			};
			name = Release;
		};
/* End XCBuildConfiguration section */

/* Begin XCConfigurationList section */
		049159E52665BE5B0097BECE /* Build configuration list for PBXProject "Messenger" */ = {
			isa = XCConfigurationList;
			buildConfigurations = (
				049159FC2665BE5D0097BECE /* Debug */,
				049159FD2665BE5D0097BECE /* Release */,
			);
			defaultConfigurationIsVisible = 0;
			defaultConfigurationName = Release;
		};
		049159FE2665BE5D0097BECE /* Build configuration list for PBXNativeTarget "Messenger" */ = {
			isa = XCConfigurationList;
			buildConfigurations = (
				049159FF2665BE5D0097BECE /* Debug */,
				04915A002665BE5D0097BECE /* Release */,
			);
			defaultConfigurationIsVisible = 0;
			defaultConfigurationName = Release;
		};
/* End XCConfigurationList section */
	};
	rootObject = 049159E22665BE5B0097BECE /* Project object */;
}
